
Microsoft Visual Studio Solution File, Format Version 12.00
# Visual Studio Version 16
VisualStudioVersion = 16.0.29519.87
MinimumVisualStudioVersion = 10.0.40219.1
Project("{FAE04EC0-301F-11D3-BF4B-00C04F79EFBC}") = "DXVSExtension", "DXVSExtension.csproj", "{2A5760D2-B3D9-4EF3-9666-8465DD83FDFB}"
EndProject
Global
	GlobalSection(SolutionConfigurationPlatforms) = preSolution
		Debug|Any CPU = Debug|Any CPU
		Release|Any CPU = Release|Any CPU
	EndGlobalSection
	GlobalSection(ProjectConfigurationPlatforms) = postSolution
		{2A5760D2-B3D9-4EF3-9666-8465DD83FDFB}.Debug|Any CPU.ActiveCfg = Debug|Any CPU
		{2A5760D2-B3D9-4EF3-9666-8465DD83FDFB}.Debug|Any CPU.Build.0 = Debug|Any CPU
		{2A5760D2-B3D9-4EF3-9666-8465DD83FDFB}.Release|Any CPU.ActiveCfg = Release|Any CPU
		{2A5760D2-B3D9-4EF3-9666-8465DD83FDFB}.Release|Any CPU.Build.0 = Release|Any CPU
	EndGlobalSection
	GlobalSection(SolutionProperties) = preSolution
		HideSolutionNode = FALSE
	EndGlobalSection
	GlobalSection(ExtensibilityGlobals) = postSolution
		SolutionGuid = {D820083B-1218-41CE-9C18-5044251C5A32}
	EndGlobalSection
EndGlobal
